
Microsoft Visual Studio Solution File, Format Version 12.00
# Visual Studio Version 17
VisualStudioVersion = 17.5.33414.496
MinimumVisualStudioVersion = 10.0.40219.1
Project("{9A19103F-16F7-4668-BE54-9A1E7A4F7556}") = "TaskComplitionSource", "TaskComplitionSource\TaskComplitionSource.csproj", "{B9765E4A-85B8-4515-B320-ED35C8DBD7EB}"
EndProject
Project("{FAE04EC0-301F-11D3-BF4B-00C04F79EFBC}") = "ArrangeMeasureOverride", "ArrangeMeasureOverride\ArrangeMeasureOverride.csproj", "{BFBAD77D-E975-4B59-BBE9-9C98236F494D}"
EndProject
Global
	GlobalSection(SolutionConfigurationPlatforms) = preSolution
		Debug|Any CPU = Debug|Any CPU
		Release|Any CPU = Release|Any CPU
	EndGlobalSection
	GlobalSection(ProjectConfigurationPlatforms) = postSolution
		{B9765E4A-85B8-4515-B320-ED35C8DBD7EB}.Debug|Any CPU.ActiveCfg = Debug|Any CPU
		{B9765E4A-85B8-4515-B320-ED35C8DBD7EB}.Debug|Any CPU.Build.0 = Debug|Any CPU
		{B9765E4A-85B8-4515-B320-ED35C8DBD7EB}.Release|Any CPU.ActiveCfg = Release|Any CPU
		{B9765E4A-85B8-4515-B320-ED35C8DBD7EB}.Release|Any CPU.Build.0 = Release|Any CPU
		{BFBAD77D-E975-4B59-BBE9-9C98236F494D}.Debug|Any CPU.ActiveCfg = Debug|Any CPU
		{BFBAD77D-E975-4B59-BBE9-9C98236F494D}.Debug|Any CPU.Build.0 = Debug|Any CPU
		{BFBAD77D-E975-4B59-BBE9-9C98236F494D}.Release|Any CPU.ActiveCfg = Release|Any CPU
		{BFBAD77D-E975-4B59-BBE9-9C98236F494D}.Release|Any CPU.Build.0 = Release|Any CPU
	EndGlobalSection
	GlobalSection(SolutionProperties) = preSolution
		HideSolutionNode = FALSE
	EndGlobalSection
	GlobalSection(ExtensibilityGlobals) = postSolution
		SolutionGuid = {1E3A9E42-EBCB-4AFF-898B-2B0F21754E9C}
	EndGlobalSection
EndGlobal
